
Microsoft Visual Studio Solution File, Format Version 12.00
# Visual Studio Version 17
VisualStudioVersion = 17.11.35222.181
MinimumVisualStudioVersion = 10.0.40219.1
Project("{888888A0-9F3D-457C-B088-3A5042F75D52}") = "Rename Memes to Tags", "Rename Memes to Tags.pyproj", "{B7676B91-BAB1-49C4-BB96-DD8905993CF5}"
EndProject
Global
	GlobalSection(SolutionConfigurationPlatforms) = preSolution
		Debug|Any CPU = Debug|Any CPU
		Release|Any CPU = Release|Any CPU
	EndGlobalSection
	GlobalSection(ProjectConfigurationPlatforms) = postSolution
		{B7676B91-BAB1-49C4-BB96-DD8905993CF5}.Debug|Any CPU.ActiveCfg = Debug|Any CPU
		{B7676B91-BAB1-49C4-BB96-DD8905993CF5}.Release|Any CPU.ActiveCfg = Release|Any CPU
	EndGlobalSection
	GlobalSection(SolutionProperties) = preSolution
		HideSolutionNode = FALSE
	EndGlobalSection
	GlobalSection(ExtensibilityGlobals) = postSolution
		SolutionGuid = {B7414920-E8C5-406F-BE37-6A85F7F34C6A}
	EndGlobalSection
EndGlobal
